
Microsoft Visual Studio Solution File, Format Version 12.00
Project("{FAE04EC0-301F-11D3-BF4B-00C04F79EFBC}") = "ItemStats", "ItemStats\ItemStats.csproj", "{35991648-A109-4E7A-A120-08C4FA3780F8}"
EndProject
Project("{FAE04EC0-301F-11D3-BF4B-00C04F79EFBC}") = "Assembly-CSharp", "D:\Games\RoR2Decompile\Assembly-CSharp\Assembly-CSharp.csproj", "{BA9427B4-0A6F-47FE-BCD7-CE65C1F3B03A}"
EndProject
Global
	GlobalSection(SolutionConfigurationPlatforms) = preSolution
		Debug|Any CPU = Debug|Any CPU
		Release|Any CPU = Release|Any CPU
	EndGlobalSection
	GlobalSection(ProjectConfigurationPlatforms) = postSolution
		{35991648-A109-4E7A-A120-08C4FA3780F8}.Debug|Any CPU.ActiveCfg = Debug|Any CPU
		{35991648-A109-4E7A-A120-08C4FA3780F8}.Debug|Any CPU.Build.0 = Debug|Any CPU
		{35991648-A109-4E7A-A120-08C4FA3780F8}.Release|Any CPU.ActiveCfg = Release|Any CPU
		{35991648-A109-4E7A-A120-08C4FA3780F8}.Release|Any CPU.Build.0 = Release|Any CPU
		{BA9427B4-0A6F-47FE-BCD7-CE65C1F3B03A}.Debug|Any CPU.ActiveCfg = Debug|Any CPU
		{BA9427B4-0A6F-47FE-BCD7-CE65C1F3B03A}.Debug|Any CPU.Build.0 = Debug|Any CPU
		{BA9427B4-0A6F-47FE-BCD7-CE65C1F3B03A}.Release|Any CPU.ActiveCfg = Release|Any CPU
		{BA9427B4-0A6F-47FE-BCD7-CE65C1F3B03A}.Release|Any CPU.Build.0 = Release|Any CPU
	EndGlobalSection
EndGlobal
